
Microsoft Visual Studio Solution File, Format Version 12.00
# Visual Studio Version 17
VisualStudioVersion = 17.0.31710.8
MinimumVisualStudioVersion = 10.0.40219.1
Project("{FAE04EC0-301F-11D3-BF4B-00C04F79EFBC}") = "WebMvc", "WebMvc\WebMvc.csproj", "{C62DE46F-F929-4D0F-B05D-43D87968C3CD}"
EndProject
Global
	GlobalSection(SolutionConfigurationPlatforms) = preSolution
		Debug|Any CPU = Debug|Any CPU
		Release|Any CPU = Release|Any CPU
	EndGlobalSection
	GlobalSection(ProjectConfigurationPlatforms) = postSolution
		{C62DE46F-F929-4D0F-B05D-43D87968C3CD}.Debug|Any CPU.ActiveCfg = Debug|Any CPU
		{C62DE46F-F929-4D0F-B05D-43D87968C3CD}.Debug|Any CPU.Build.0 = Debug|Any CPU
		{C62DE46F-F929-4D0F-B05D-43D87968C3CD}.Release|Any CPU.ActiveCfg = Release|Any CPU
		{C62DE46F-F929-4D0F-B05D-43D87968C3CD}.Release|Any CPU.Build.0 = Release|Any CPU
	EndGlobalSection
	GlobalSection(SolutionProperties) = preSolution
		HideSolutionNode = FALSE
	EndGlobalSection
	GlobalSection(ExtensibilityGlobals) = postSolution
		SolutionGuid = {992D748B-EABF-44B2-86AA-C403CA0B307F}
	EndGlobalSection
EndGlobal
